
Microsoft Visual Studio Solution File, Format Version 12.00
# Visual Studio Version 17
VisualStudioVersion = 17.1.32407.343
MinimumVisualStudioVersion = 10.0.40219.1
Project("{FAE04EC0-301F-11D3-BF4B-00C04F79EFBC}") = "Day21-PracticeProblem", "Day21-PracticeProblem.csproj", "{D7D1BC14-6D22-433F-93DC-CAE119AFE6B0}"
EndProject
Global
	GlobalSection(SolutionConfigurationPlatforms) = preSolution
		Debug|Any CPU = Debug|Any CPU
		Release|Any CPU = Release|Any CPU
	EndGlobalSection
	GlobalSection(ProjectConfigurationPlatforms) = postSolution
		{D7D1BC14-6D22-433F-93DC-CAE119AFE6B0}.Debug|Any CPU.ActiveCfg = Debug|Any CPU
		{D7D1BC14-6D22-433F-93DC-CAE119AFE6B0}.Debug|Any CPU.Build.0 = Debug|Any CPU
		{D7D1BC14-6D22-433F-93DC-CAE119AFE6B0}.Release|Any CPU.ActiveCfg = Release|Any CPU
		{D7D1BC14-6D22-433F-93DC-CAE119AFE6B0}.Release|Any CPU.Build.0 = Release|Any CPU
	EndGlobalSection
	GlobalSection(SolutionProperties) = preSolution
		HideSolutionNode = FALSE
	EndGlobalSection
	GlobalSection(ExtensibilityGlobals) = postSolution
		SolutionGuid = {CDA51CB1-DB63-4DBD-8980-A628842E7153}
	EndGlobalSection
EndGlobal
